// !$*UTF8*$!
{
	archiveVersion = 1;
	classes = {
	};
	objectVersion = 55;
	objects = {

/* Begin PBXBuildFile section */
		E75DA06F285A8CBA005BFB61 /* GameMacOSApp.swift in Sources */ = {isa = PBXBuildFile; fileRef = E75DA06E285A8CBA005BFB61 /* GameMacOSApp.swift */; };
		E75DA073285A8CBC005BFB61 /* Assets.xcassets in Resources */ = {isa = PBXBuildFile; fileRef = E75DA072285A8CBC005BFB61 /* Assets.xcassets */; };
		E75DA076285A8CBC005BFB61 /* Preview Assets.xcassets in Resources */ = {isa = PBXBuildFile; fileRef = E75DA075285A8CBC005BFB61 /* Preview Assets.xcassets */; };
		E75DA07C285A8EF7005BFB61 /* ContentView.swift in Sources */ = {isa = PBXBuildFile; fileRef = E75DA05A285A88F3005BFB61 /* ContentView.swift */; };
		E75DA07D285A8F1C005BFB61 /* GameScene.swift in Sources */ = {isa = PBXBuildFile; fileRef = E75DA066285A8ACF005BFB61 /* GameScene.swift */; };
		E75DA086285A8F9C005BFB61 /* GameiOSApp.swift in Sources */ = {isa = PBXBuildFile; fileRef = E75DA085285A8F9C005BFB61 /* GameiOSApp.swift */; };
		E75DA08A285A8F9E005BFB61 /* Assets.xcassets in Resources */ = {isa = PBXBuildFile; fileRef = E75DA089285A8F9E005BFB61 /* Assets.xcassets */; };
		E75DA08D285A8F9E005BFB61 /* Preview Assets.xcassets in Resources */ = {isa = PBXBuildFile; fileRef = E75DA08C285A8F9E005BFB61 /* Preview Assets.xcassets */; };
		E75DA091285A8FB5005BFB61 /* ContentView.swift in Sources */ = {isa = PBXBuildFile; fileRef = E75DA05A285A88F3005BFB61 /* ContentView.swift */; };
		E75DA092285A9008005BFB61 /* GameScene.swift in Sources */ = {isa = PBXBuildFile; fileRef = E75DA066285A8ACF005BFB61 /* GameScene.swift */; };
		E75DA09A285A90C1005BFB61 /* GametvOSApp.swift in Sources */ = {isa = PBXBuildFile; fileRef = E75DA099285A90C1005BFB61 /* GametvOSApp.swift */; };
		E75DA09E285A90C3005BFB61 /* Assets.xcassets in Resources */ = {isa = PBXBuildFile; fileRef = E75DA09D285A90C3005BFB61 /* Assets.xcassets */; };
		E75DA0A1285A90C3005BFB61 /* Preview Assets.xcassets in Resources */ = {isa = PBXBuildFile; fileRef = E75DA0A0285A90C3005BFB61 /* Preview Assets.xcassets */; };
		E75DA0A5285A90D8005BFB61 /* GameScene.swift in Sources */ = {isa = PBXBuildFile; fileRef = E75DA066285A8ACF005BFB61 /* GameScene.swift */; };
		E75DA0A6285A90DB005BFB61 /* ContentView.swift in Sources */ = {isa = PBXBuildFile; fileRef = E75DA05A285A88F3005BFB61 /* ContentView.swift */; };
		E7A27470285A9D82001E4A8F /* Navigation in Frameworks */ = {isa = PBXBuildFile; productRef = E7A2746F285A9D82001E4A8F /* Navigation */; };
		E7A27472285A9D8E001E4A8F /* Navigation in Frameworks */ = {isa = PBXBuildFile; productRef = E7A27471285A9D8E001E4A8F /* Navigation */; };
		E7A27474285A9D95001E4A8F /* Navigation in Frameworks */ = {isa = PBXBuildFile; productRef = E7A27473285A9D95001E4A8F /* Navigation */; };
		E7A27476285A9EBC001E4A8F /* PlayScreen.swift in Sources */ = {isa = PBXBuildFile; fileRef = E7A27475285A9EBC001E4A8F /* PlayScreen.swift */; };
		E7A27477285A9EBC001E4A8F /* PlayScreen.swift in Sources */ = {isa = PBXBuildFile; fileRef = E7A27475285A9EBC001E4A8F /* PlayScreen.swift */; };
		E7A27478285A9EBC001E4A8F /* PlayScreen.swift in Sources */ = {isa = PBXBuildFile; fileRef = E7A27475285A9EBC001E4A8F /* PlayScreen.swift */; };
		E7A2747B285A9ED4001E4A8F /* Settings.swift in Sources */ = {isa = PBXBuildFile; fileRef = E7A2747A285A9ED4001E4A8F /* Settings.swift */; };
		E7A2747C285A9ED4001E4A8F /* Settings.swift in Sources */ = {isa = PBXBuildFile; fileRef = E7A2747A285A9ED4001E4A8F /* Settings.swift */; };
		E7A2747D285A9ED4001E4A8F /* Settings.swift in Sources */ = {isa = PBXBuildFile; fileRef = E7A2747A285A9ED4001E4A8F /* Settings.swift */; };
		E7A2747F285A9EFD001E4A8F /* LeaderboardScreen.swift in Sources */ = {isa = PBXBuildFile; fileRef = E7A2747E285A9EFD001E4A8F /* LeaderboardScreen.swift */; };
		E7A27480285A9EFD001E4A8F /* LeaderboardScreen.swift in Sources */ = {isa = PBXBuildFile; fileRef = E7A2747E285A9EFD001E4A8F /* LeaderboardScreen.swift */; };
		E7A27481285A9EFD001E4A8F /* LeaderboardScreen.swift in Sources */ = {isa = PBXBuildFile; fileRef = E7A2747E285A9EFD001E4A8F /* LeaderboardScreen.swift */; };
		E7A27483285AAAEE001E4A8F /* Modes.swift in Sources */ = {isa = PBXBuildFile; fileRef = E7A27482285AAAEE001E4A8F /* Modes.swift */; };
		E7A27484285AAAEE001E4A8F /* Modes.swift in Sources */ = {isa = PBXBuildFile; fileRef = E7A27482285AAAEE001E4A8F /* Modes.swift */; };
		E7A27485285AAAEE001E4A8F /* Modes.swift in Sources */ = {isa = PBXBuildFile; fileRef = E7A27482285AAAEE001E4A8F /* Modes.swift */; };
		E7A27489285AAC7A001E4A8F /* View.swift in Sources */ = {isa = PBXBuildFile; fileRef = E7A27488285AAC7A001E4A8F /* View.swift */; };
		E7A2748A285AAC7A001E4A8F /* View.swift in Sources */ = {isa = PBXBuildFile; fileRef = E7A27488285AAC7A001E4A8F /* View.swift */; };
		E7A2748B285AAC7A001E4A8F /* View.swift in Sources */ = {isa = PBXBuildFile; fileRef = E7A27488285AAC7A001E4A8F /* View.swift */; };
		E7A2748E285AB68D001E4A8F /* TypeViewModel.swift in Sources */ = {isa = PBXBuildFile; fileRef = E7A2748D285AB68D001E4A8F /* TypeViewModel.swift */; };
		E7A2748F285AB68D001E4A8F /* TypeViewModel.swift in Sources */ = {isa = PBXBuildFile; fileRef = E7A2748D285AB68D001E4A8F /* TypeViewModel.swift */; };
		E7A27490285AB68D001E4A8F /* TypeViewModel.swift in Sources */ = {isa = PBXBuildFile; fileRef = E7A2748D285AB68D001E4A8F /* TypeViewModel.swift */; };
		E7A27493285ABF89001E4A8F /* ContainerScreen.swift in Sources */ = {isa = PBXBuildFile; fileRef = E7A27492285ABF89001E4A8F /* ContainerScreen.swift */; };
		E7A27494285ABF89001E4A8F /* ContainerScreen.swift in Sources */ = {isa = PBXBuildFile; fileRef = E7A27492285ABF89001E4A8F /* ContainerScreen.swift */; };
		E7A27495285ABF89001E4A8F /* ContainerScreen.swift in Sources */ = {isa = PBXBuildFile; fileRef = E7A27492285ABF89001E4A8F /* ContainerScreen.swift */; };
/* End PBXBuildFile section */

/* Begin PBXFileReference section */
		E75DA05A285A88F3005BFB61 /* ContentView.swift */ = {isa = PBXFileReference; lastKnownFileType = sourcecode.swift; path = ContentView.swift; sourceTree = "<group>"; };
		E75DA066285A8ACF005BFB61 /* GameScene.swift */ = {isa = PBXFileReference; lastKnownFileType = sourcecode.swift; path = GameScene.swift; sourceTree = "<group>"; };
		E75DA06C285A8CBA005BFB61 /* GameMacOS.app */ = {isa = PBXFileReference; explicitFileType = wrapper.application; includeInIndex = 0; path = GameMacOS.app; sourceTree = BUILT_PRODUCTS_DIR; };
		E75DA06E285A8CBA005BFB61 /* GameMacOSApp.swift */ = {isa = PBXFileReference; lastKnownFileType = sourcecode.swift; path = GameMacOSApp.swift; sourceTree = "<group>"; };
		E75DA072285A8CBC005BFB61 /* Assets.xcassets */ = {isa = PBXFileReference; lastKnownFileType = folder.assetcatalog; path = Assets.xcassets; sourceTree = "<group>"; };
		E75DA075285A8CBC005BFB61 /* Preview Assets.xcassets */ = {isa = PBXFileReference; lastKnownFileType = folder.assetcatalog; path = "Preview Assets.xcassets"; sourceTree = "<group>"; };
		E75DA077285A8CBC005BFB61 /* GameMacOS.entitlements */ = {isa = PBXFileReference; lastKnownFileType = text.plist.entitlements; path = GameMacOS.entitlements; sourceTree = "<group>"; };
		E75DA083285A8F9C005BFB61 /* GameiOS.app */ = {isa = PBXFileReference; explicitFileType = wrapper.application; includeInIndex = 0; path = GameiOS.app; sourceTree = BUILT_PRODUCTS_DIR; };
		E75DA085285A8F9C005BFB61 /* GameiOSApp.swift */ = {isa = PBXFileReference; lastKnownFileType = sourcecode.swift; path = GameiOSApp.swift; sourceTree = "<group>"; };
		E75DA089285A8F9E005BFB61 /* Assets.xcassets */ = {isa = PBXFileReference; lastKnownFileType = folder.assetcatalog; path = Assets.xcassets; sourceTree = "<group>"; };
		E75DA08C285A8F9E005BFB61 /* Preview Assets.xcassets */ = {isa = PBXFileReference; lastKnownFileType = folder.assetcatalog; path = "Preview Assets.xcassets"; sourceTree = "<group>"; };
		E75DA097285A90C1005BFB61 /* GametvOS.app */ = {isa = PBXFileReference; explicitFileType = wrapper.application; includeInIndex = 0; path = GametvOS.app; sourceTree = BUILT_PRODUCTS_DIR; };
		E75DA099285A90C1005BFB61 /* GametvOSApp.swift */ = {isa = PBXFileReference; lastKnownFileType = sourcecode.swift; path = GametvOSApp.swift; sourceTree = "<group>"; };
		E75DA09D285A90C3005BFB61 /* Assets.xcassets */ = {isa = PBXFileReference; lastKnownFileType = folder.assetcatalog; path = Assets.xcassets; sourceTree = "<group>"; };
		E75DA0A0285A90C3005BFB61 /* Preview Assets.xcassets */ = {isa = PBXFileReference; lastKnownFileType = folder.assetcatalog; path = "Preview Assets.xcassets"; sourceTree = "<group>"; };
		E7A27468285A9A39001E4A8F /* Navigation */ = {isa = PBXFileReference; lastKnownFileType = wrapper; path = Navigation; sourceTree = "<group>"; };
		E7A27475285A9EBC001E4A8F /* PlayScreen.swift */ = {isa = PBXFileReference; lastKnownFileType = sourcecode.swift; path = PlayScreen.swift; sourceTree = "<group>"; };
		E7A2747A285A9ED4001E4A8F /* Settings.swift */ = {isa = PBXFileReference; lastKnownFileType = sourcecode.swift; path = Settings.swift; sourceTree = "<group>"; };
		E7A2747E285A9EFD001E4A8F /* LeaderboardScreen.swift */ = {isa = PBXFileReference; lastKnownFileType = sourcecode.swift; path = LeaderboardScreen.swift; sourceTree = "<group>"; };
		E7A27482285AAAEE001E4A8F /* Modes.swift */ = {isa = PBXFileReference; lastKnownFileType = sourcecode.swift; path = Modes.swift; sourceTree = "<group>"; };
		E7A27488285AAC7A001E4A8F /* View.swift */ = {isa = PBXFileReference; lastKnownFileType = sourcecode.swift; path = View.swift; sourceTree = "<group>"; };
		E7A2748D285AB68D001E4A8F /* TypeViewModel.swift */ = {isa = PBXFileReference; lastKnownFileType = sourcecode.swift; path = TypeViewModel.swift; sourceTree = "<group>"; };
		E7A27492285ABF89001E4A8F /* ContainerScreen.swift */ = {isa = PBXFileReference; lastKnownFileType = sourcecode.swift; path = ContainerScreen.swift; sourceTree = "<group>"; };
/* End PBXFileReference section */

/* Begin PBXFrameworksBuildPhase section */
		E75DA069285A8CBA005BFB61 /* Frameworks */ = {
			isa = PBXFrameworksBuildPhase;
			buildActionMask = 2147483647;
			files = (
				E7A27470285A9D82001E4A8F /* Navigation in Frameworks */,
			);
			runOnlyForDeploymentPostprocessing = 0;
		};
		E75DA080285A8F9C005BFB61 /* Frameworks */ = {
			isa = PBXFrameworksBuildPhase;
			buildActionMask = 2147483647;
			files = (
				E7A27472285A9D8E001E4A8F /* Navigation in Frameworks */,
			);
			runOnlyForDeploymentPostprocessing = 0;
		};
		E75DA094285A90C1005BFB61 /* Frameworks */ = {
			isa = PBXFrameworksBuildPhase;
			buildActionMask = 2147483647;
			files = (
				E7A27474285A9D95001E4A8F /* Navigation in Frameworks */,
			);
			runOnlyForDeploymentPostprocessing = 0;
		};
/* End PBXFrameworksBuildPhase section */

/* Begin PBXGroup section */
		E75DA04C285A88F3005BFB61 = {
			isa = PBXGroup;
			children = (
				E7A27467285A9A39001E4A8F /* Packages */,
				E75DA07B285A8ECB005BFB61 /* Shared */,
				E75DA06D285A8CBA005BFB61 /* GameMacOS */,
				E75DA084285A8F9C005BFB61 /* GameiOS */,
				E75DA098285A90C1005BFB61 /* GametvOS */,
				E75DA056285A88F3005BFB61 /* Products */,
				E7A2746E285A9D82001E4A8F /* Frameworks */,
			);
			sourceTree = "<group>";
		};
		E75DA056285A88F3005BFB61 /* Products */ = {
			isa = PBXGroup;
			children = (
				E75DA06C285A8CBA005BFB61 /* GameMacOS.app */,
				E75DA083285A8F9C005BFB61 /* GameiOS.app */,
				E75DA097285A90C1005BFB61 /* GametvOS.app */,
			);
			name = Products;
			sourceTree = "<group>";
		};
		E75DA06D285A8CBA005BFB61 /* GameMacOS */ = {
			isa = PBXGroup;
			children = (
				E75DA06E285A8CBA005BFB61 /* GameMacOSApp.swift */,
				E75DA072285A8CBC005BFB61 /* Assets.xcassets */,
				E75DA077285A8CBC005BFB61 /* GameMacOS.entitlements */,
				E75DA074285A8CBC005BFB61 /* Preview Content */,
			);
			path = GameMacOS;
			sourceTree = "<group>";
		};
		E75DA074285A8CBC005BFB61 /* Preview Content */ = {
			isa = PBXGroup;
			children = (
				E75DA075285A8CBC005BFB61 /* Preview Assets.xcassets */,
			);
			path = "Preview Content";
			sourceTree = "<group>";
		};
		E75DA07B285A8ECB005BFB61 /* Shared */ = {
			isa = PBXGroup;
			children = (
				E7A2748C285AB636001E4A8F /* ViewModels */,
				E7A27487285AAC6D001E4A8F /* Extentions */,
				E7A27479285A9EC2001E4A8F /* Screens */,
				E75DA05A285A88F3005BFB61 /* ContentView.swift */,
				E75DA066285A8ACF005BFB61 /* GameScene.swift */,
				E7A27482285AAAEE001E4A8F /* Modes.swift */,
			);
			path = Shared;
			sourceTree = "<group>";
		};
		E75DA084285A8F9C005BFB61 /* GameiOS */ = {
			isa = PBXGroup;
			children = (
				E75DA085285A8F9C005BFB61 /* GameiOSApp.swift */,
				E75DA089285A8F9E005BFB61 /* Assets.xcassets */,
				E75DA08B285A8F9E005BFB61 /* Preview Content */,
			);
			path = GameiOS;
			sourceTree = "<group>";
		};
		E75DA08B285A8F9E005BFB61 /* Preview Content */ = {
			isa = PBXGroup;
			children = (
				E75DA08C285A8F9E005BFB61 /* Preview Assets.xcassets */,
			);
			path = "Preview Content";
			sourceTree = "<group>";
		};
		E75DA098285A90C1005BFB61 /* GametvOS */ = {
			isa = PBXGroup;
			children = (
				E75DA099285A90C1005BFB61 /* GametvOSApp.swift */,
				E75DA09D285A90C3005BFB61 /* Assets.xcassets */,
				E75DA09F285A90C3005BFB61 /* Preview Content */,
			);
			path = GametvOS;
			sourceTree = "<group>";
		};
		E75DA09F285A90C3005BFB61 /* Preview Content */ = {
			isa = PBXGroup;
			children = (
				E75DA0A0285A90C3005BFB61 /* Preview Assets.xcassets */,
			);
			path = "Preview Content";
			sourceTree = "<group>";
		};
		E7A27467285A9A39001E4A8F /* Packages */ = {
			isa = PBXGroup;
			children = (
				E7A27468285A9A39001E4A8F /* Navigation */,
			);
			name = Packages;
			sourceTree = "<group>";
		};
		E7A2746E285A9D82001E4A8F /* Frameworks */ = {
			isa = PBXGroup;
			children = (
			);
			name = Frameworks;
			sourceTree = "<group>";
		};
		E7A27479285A9EC2001E4A8F /* Screens */ = {
			isa = PBXGroup;
			children = (
				E7A27475285A9EBC001E4A8F /* PlayScreen.swift */,
				E7A2747A285A9ED4001E4A8F /* Settings.swift */,
				E7A2747E285A9EFD001E4A8F /* LeaderboardScreen.swift */,
				E7A27492285ABF89001E4A8F /* ContainerScreen.swift */,
			);
			path = Screens;
			sourceTree = "<group>";
		};
		E7A27487285AAC6D001E4A8F /* Extentions */ = {
			isa = PBXGroup;
			children = (
				E7A27488285AAC7A001E4A8F /* View.swift */,
			);
			path = Extentions;
			sourceTree = "<group>";
		};
		E7A2748C285AB636001E4A8F /* ViewModels */ = {
			isa = PBXGroup;
			children = (
				E7A2748D285AB68D001E4A8F /* TypeViewModel.swift */,
			);
			path = ViewModels;
			sourceTree = "<group>";
		};
/* End PBXGroup section */

/* Begin PBXNativeTarget section */
		E75DA06B285A8CBA005BFB61 /* GameMacOS */ = {
			isa = PBXNativeTarget;
			buildConfigurationList = E75DA078285A8CBC005BFB61 /* Build configuration list for PBXNativeTarget "GameMacOS" */;
			buildPhases = (
				E75DA068285A8CBA005BFB61 /* Sources */,
				E75DA069285A8CBA005BFB61 /* Frameworks */,
				E75DA06A285A8CBA005BFB61 /* Resources */,
			);
			buildRules = (
			);
			dependencies = (
			);
			name = GameMacOS;
			packageProductDependencies = (
				E7A2746F285A9D82001E4A8F /* Navigation */,
			);
			productName = GameMacOS;
			productReference = E75DA06C285A8CBA005BFB61 /* GameMacOS.app */;
			productType = "com.apple.product-type.application";
		};
		E75DA082285A8F9C005BFB61 /* GameiOS */ = {
			isa = PBXNativeTarget;
			buildConfigurationList = E75DA08E285A8F9E005BFB61 /* Build configuration list for PBXNativeTarget "GameiOS" */;
			buildPhases = (
				E75DA07F285A8F9C005BFB61 /* Sources */,
				E75DA080285A8F9C005BFB61 /* Frameworks */,
				E75DA081285A8F9C005BFB61 /* Resources */,
			);
			buildRules = (
			);
			dependencies = (
			);
			name = GameiOS;
			packageProductDependencies = (
				E7A27471285A9D8E001E4A8F /* Navigation */,
			);
			productName = GameiOS;
			productReference = E75DA083285A8F9C005BFB61 /* GameiOS.app */;
			productType = "com.apple.product-type.application";
		};
		E75DA096285A90C1005BFB61 /* GametvOS */ = {
			isa = PBXNativeTarget;
			buildConfigurationList = E75DA0A2285A90C3005BFB61 /* Build configuration list for PBXNativeTarget "GametvOS" */;
			buildPhases = (
				E75DA093285A90C1005BFB61 /* Sources */,
				E75DA094285A90C1005BFB61 /* Frameworks */,
				E75DA095285A90C1005BFB61 /* Resources */,
			);
			buildRules = (
			);
			dependencies = (
			);
			name = GametvOS;
			packageProductDependencies = (
				E7A27473285A9D95001E4A8F /* Navigation */,
			);
			productName = GametvOS;
			productReference = E75DA097285A90C1005BFB61 /* GametvOS.app */;
			productType = "com.apple.product-type.application";
		};
/* End PBXNativeTarget section */

/* Begin PBXProject section */
		E75DA04D285A88F3005BFB61 /* Project object */ = {
			isa = PBXProject;
			attributes = {
				BuildIndependentTargetsInParallel = 1;
				LastSwiftUpdateCheck = 1340;
				LastUpgradeCheck = 1340;
				TargetAttributes = {
					E75DA06B285A8CBA005BFB61 = {
						CreatedOnToolsVersion = 13.4.1;
					};
					E75DA082285A8F9C005BFB61 = {
						CreatedOnToolsVersion = 13.4.1;
					};
					E75DA096285A90C1005BFB61 = {
						CreatedOnToolsVersion = 13.4.1;
					};
				};
			};
			buildConfigurationList = E75DA050285A88F3005BFB61 /* Build configuration list for PBXProject "Game" */;
			compatibilityVersion = "Xcode 13.0";
			developmentRegion = en;
			hasScannedForEncodings = 0;
			knownRegions = (
				en,
				Base,
			);
			mainGroup = E75DA04C285A88F3005BFB61;
			productRefGroup = E75DA056285A88F3005BFB61 /* Products */;
			projectDirPath = "";
			projectRoot = "";
			targets = (
				E75DA06B285A8CBA005BFB61 /* GameMacOS */,
				E75DA082285A8F9C005BFB61 /* GameiOS */,
				E75DA096285A90C1005BFB61 /* GametvOS */,
			);
		};
/* End PBXProject section */

/* Begin PBXResourcesBuildPhase section */
		E75DA06A285A8CBA005BFB61 /* Resources */ = {
			isa = PBXResourcesBuildPhase;
			buildActionMask = 2147483647;
			files = (
				E75DA076285A8CBC005BFB61 /* Preview Assets.xcassets in Resources */,
				E75DA073285A8CBC005BFB61 /* Assets.xcassets in Resources */,
			);
			runOnlyForDeploymentPostprocessing = 0;
		};
		E75DA081285A8F9C005BFB61 /* Resources */ = {
			isa = PBXResourcesBuildPhase;
			buildActionMask = 2147483647;
			files = (
				E75DA08D285A8F9E005BFB61 /* Preview Assets.xcassets in Resources */,
				E75DA08A285A8F9E005BFB61 /* Assets.xcassets in Resources */,
			);
			runOnlyForDeploymentPostprocessing = 0;
		};
		E75DA095285A90C1005BFB61 /* Resources */ = {
			isa = PBXResourcesBuildPhase;
			buildActionMask = 2147483647;
			files = (
				E75DA0A1285A90C3005BFB61 /* Preview Assets.xcassets in Resources */,
				E75DA09E285A90C3005BFB61 /* Assets.xcassets in Resources */,
			);
			runOnlyForDeploymentPostprocessing = 0;
		};
/* End PBXResourcesBuildPhase section */

/* Begin PBXSourcesBuildPhase section */
		E75DA068285A8CBA005BFB61 /* Sources */ = {
			isa = PBXSourcesBuildPhase;
			buildActionMask = 2147483647;
			files = (
				E7A27489285AAC7A001E4A8F /* View.swift in Sources */,
				E7A27483285AAAEE001E4A8F /* Modes.swift in Sources */,
				E75DA07D285A8F1C005BFB61 /* GameScene.swift in Sources */,
				E7A27476285A9EBC001E4A8F /* PlayScreen.swift in Sources */,
				E75DA07C285A8EF7005BFB61 /* ContentView.swift in Sources */,
				E7A27493285ABF89001E4A8F /* ContainerScreen.swift in Sources */,
				E7A2748E285AB68D001E4A8F /* TypeViewModel.swift in Sources */,
				E75DA06F285A8CBA005BFB61 /* GameMacOSApp.swift in Sources */,
				E7A2747B285A9ED4001E4A8F /* Settings.swift in Sources */,
				E7A2747F285A9EFD001E4A8F /* LeaderboardScreen.swift in Sources */,
			);
			runOnlyForDeploymentPostprocessing = 0;
		};
		E75DA07F285A8F9C005BFB61 /* Sources */ = {
			isa = PBXSourcesBuildPhase;
			buildActionMask = 2147483647;
			files = (
				E7A2748A285AAC7A001E4A8F /* View.swift in Sources */,
				E7A27484285AAAEE001E4A8F /* Modes.swift in Sources */,
				E75DA092285A9008005BFB61 /* GameScene.swift in Sources */,
				E7A27477285A9EBC001E4A8F /* PlayScreen.swift in Sources */,
				E75DA091285A8FB5005BFB61 /* ContentView.swift in Sources */,
				E7A27494285ABF89001E4A8F /* ContainerScreen.swift in Sources */,
				E7A2748F285AB68D001E4A8F /* TypeViewModel.swift in Sources */,
				E75DA086285A8F9C005BFB61 /* GameiOSApp.swift in Sources */,
				E7A2747C285A9ED4001E4A8F /* Settings.swift in Sources */,
				E7A27480285A9EFD001E4A8F /* LeaderboardScreen.swift in Sources */,
			);
			runOnlyForDeploymentPostprocessing = 0;
		};
		E75DA093285A90C1005BFB61 /* Sources */ = {
			isa = PBXSourcesBuildPhase;
			buildActionMask = 2147483647;
			files = (
				E7A2748B285AAC7A001E4A8F /* View.swift in Sources */,
				E7A27485285AAAEE001E4A8F /* Modes.swift in Sources */,
				E75DA0A5285A90D8005BFB61 /* GameScene.swift in Sources */,
				E7A27478285A9EBC001E4A8F /* PlayScreen.swift in Sources */,
				E75DA09A285A90C1005BFB61 /* GametvOSApp.swift in Sources */,
				E7A27495285ABF89001E4A8F /* ContainerScreen.swift in Sources */,
				E7A27490285AB68D001E4A8F /* TypeViewModel.swift in Sources */,
				E75DA0A6285A90DB005BFB61 /* ContentView.swift in Sources */,
				E7A2747D285A9ED4001E4A8F /* Settings.swift in Sources */,
				E7A27481285A9EFD001E4A8F /* LeaderboardScreen.swift in Sources */,
			);
			runOnlyForDeploymentPostprocessing = 0;
		};
/* End PBXSourcesBuildPhase section */

/* Begin XCBuildConfiguration section */
		E75DA061285A88F6005BFB61 /* Debug */ = {
			isa = XCBuildConfiguration;
			buildSettings = {
				ALWAYS_SEARCH_USER_PATHS = NO;
				CLANG_ANALYZER_NONNULL = YES;
				CLANG_ANALYZER_NUMBER_OBJECT_CONVERSION = YES_AGGRESSIVE;
				CLANG_CXX_LANGUAGE_STANDARD = "gnu++17";
				CLANG_ENABLE_MODULES = YES;
				CLANG_ENABLE_OBJC_ARC = YES;
				CLANG_ENABLE_OBJC_WEAK = YES;
				CLANG_WARN_BLOCK_CAPTURE_AUTORELEASING = YES;
				CLANG_WARN_BOOL_CONVERSION = YES;
				CLANG_WARN_COMMA = YES;
				CLANG_WARN_CONSTANT_CONVERSION = YES;
				CLANG_WARN_DEPRECATED_OBJC_IMPLEMENTATIONS = YES;
				CLANG_WARN_DIRECT_OBJC_ISA_USAGE = YES_ERROR;
				CLANG_WARN_DOCUMENTATION_COMMENTS = YES;
				CLANG_WARN_EMPTY_BODY = YES;
				CLANG_WARN_ENUM_CONVERSION = YES;
				CLANG_WARN_INFINITE_RECURSION = YES;
				CLANG_WARN_INT_CONVERSION = YES;
				CLANG_WARN_NON_LITERAL_NULL_CONVERSION = YES;
				CLANG_WARN_OBJC_IMPLICIT_RETAIN_SELF = YES;
				CLANG_WARN_OBJC_LITERAL_CONVERSION = YES;
				CLANG_WARN_OBJC_ROOT_CLASS = YES_ERROR;
				CLANG_WARN_QUOTED_INCLUDE_IN_FRAMEWORK_HEADER = YES;
				CLANG_WARN_RANGE_LOOP_ANALYSIS = YES;
				CLANG_WARN_STRICT_PROTOTYPES = YES;
				CLANG_WARN_SUSPICIOUS_MOVE = YES;
				CLANG_WARN_UNGUARDED_AVAILABILITY = YES_AGGRESSIVE;
				CLANG_WARN_UNREACHABLE_CODE = YES;
				CLANG_WARN__DUPLICATE_METHOD_MATCH = YES;
				COPY_PHASE_STRIP = NO;
				DEBUG_INFORMATION_FORMAT = dwarf;
				ENABLE_STRICT_OBJC_MSGSEND = YES;
				ENABLE_TESTABILITY = YES;
				GCC_C_LANGUAGE_STANDARD = gnu11;
				GCC_DYNAMIC_NO_PIC = NO;
				GCC_NO_COMMON_BLOCKS = YES;
				GCC_OPTIMIZATION_LEVEL = 0;
				GCC_PREPROCESSOR_DEFINITIONS = (
					"DEBUG=1",
					"$(inherited)",
				);
				GCC_WARN_64_TO_32_BIT_CONVERSION = YES;
				GCC_WARN_ABOUT_RETURN_TYPE = YES_ERROR;
				GCC_WARN_UNDECLARED_SELECTOR = YES;
				GCC_WARN_UNINITIALIZED_AUTOS = YES_AGGRESSIVE;
				GCC_WARN_UNUSED_FUNCTION = YES;
				GCC_WARN_UNUSED_VARIABLE = YES;
				IPHONEOS_DEPLOYMENT_TARGET = 15.5;
				MTL_ENABLE_DEBUG_INFO = INCLUDE_SOURCE;
				MTL_FAST_MATH = YES;
				ONLY_ACTIVE_ARCH = YES;
				SDKROOT = iphoneos;
				SWIFT_ACTIVE_COMPILATION_CONDITIONS = DEBUG;
				SWIFT_OPTIMIZATION_LEVEL = "-Onone";
			};
			name = Debug;
		};
		E75DA062285A88F6005BFB61 /* Release */ = {
			isa = XCBuildConfiguration;
			buildSettings = {
				ALWAYS_SEARCH_USER_PATHS = NO;
				CLANG_ANALYZER_NONNULL = YES;
				CLANG_ANALYZER_NUMBER_OBJECT_CONVERSION = YES_AGGRESSIVE;
				CLANG_CXX_LANGUAGE_STANDARD = "gnu++17";
				CLANG_ENABLE_MODULES = YES;
				CLANG_ENABLE_OBJC_ARC = YES;
				CLANG_ENABLE_OBJC_WEAK = YES;
				CLANG_WARN_BLOCK_CAPTURE_AUTORELEASING = YES;
				CLANG_WARN_BOOL_CONVERSION = YES;
				CLANG_WARN_COMMA = YES;
				CLANG_WARN_CONSTANT_CONVERSION = YES;
				CLANG_WARN_DEPRECATED_OBJC_IMPLEMENTATIONS = YES;
				CLANG_WARN_DIRECT_OBJC_ISA_USAGE = YES_ERROR;
				CLANG_WARN_DOCUMENTATION_COMMENTS = YES;
				CLANG_WARN_EMPTY_BODY = YES;
				CLANG_WARN_ENUM_CONVERSION = YES;
				CLANG_WARN_INFINITE_RECURSION = YES;
				CLANG_WARN_INT_CONVERSION = YES;
				CLANG_WARN_NON_LITERAL_NULL_CONVERSION = YES;
				CLANG_WARN_OBJC_IMPLICIT_RETAIN_SELF = YES;
				CLANG_WARN_OBJC_LITERAL_CONVERSION = YES;
				CLANG_WARN_OBJC_ROOT_CLASS = YES_ERROR;
				CLANG_WARN_QUOTED_INCLUDE_IN_FRAMEWORK_HEADER = YES;
				CLANG_WARN_RANGE_LOOP_ANALYSIS = YES;
				CLANG_WARN_STRICT_PROTOTYPES = YES;
				CLANG_WARN_SUSPICIOUS_MOVE = YES;
				CLANG_WARN_UNGUARDED_AVAILABILITY = YES_AGGRESSIVE;
				CLANG_WARN_UNREACHABLE_CODE = YES;
				CLANG_WARN__DUPLICATE_METHOD_MATCH = YES;
				COPY_PHASE_STRIP = NO;
				DEBUG_INFORMATION_FORMAT = "dwarf-with-dsym";
				ENABLE_NS_ASSERTIONS = NO;
				ENABLE_STRICT_OBJC_MSGSEND = YES;
				GCC_C_LANGUAGE_STANDARD = gnu11;
				GCC_NO_COMMON_BLOCKS = YES;
				GCC_WARN_64_TO_32_BIT_CONVERSION = YES;
				GCC_WARN_ABOUT_RETURN_TYPE = YES_ERROR;
				GCC_WARN_UNDECLARED_SELECTOR = YES;
				GCC_WARN_UNINITIALIZED_AUTOS = YES_AGGRESSIVE;
				GCC_WARN_UNUSED_FUNCTION = YES;
				GCC_WARN_UNUSED_VARIABLE = YES;
				IPHONEOS_DEPLOYMENT_TARGET = 15.5;
				MTL_ENABLE_DEBUG_INFO = NO;
				MTL_FAST_MATH = YES;
				SDKROOT = iphoneos;
				SWIFT_COMPILATION_MODE = wholemodule;
				SWIFT_OPTIMIZATION_LEVEL = "-O";
				VALIDATE_PRODUCT = YES;
			};
			name = Release;
		};
		E75DA079285A8CBC005BFB61 /* Debug */ = {
			isa = XCBuildConfiguration;
			buildSettings = {
				ASSETCATALOG_COMPILER_APPICON_NAME = AppIcon;
				ASSETCATALOG_COMPILER_GLOBAL_ACCENT_COLOR_NAME = AccentColor;
				CODE_SIGN_ENTITLEMENTS = GameMacOS/GameMacOS.entitlements;
				CODE_SIGN_STYLE = Automatic;
				COMBINE_HIDPI_IMAGES = YES;
				CURRENT_PROJECT_VERSION = 1;
				DEVELOPMENT_ASSET_PATHS = "\"GameMacOS/Preview Content\"";
				DEVELOPMENT_TEAM = W2M8AABV3R;
				ENABLE_HARDENED_RUNTIME = YES;
				ENABLE_PREVIEWS = YES;
				GENERATE_INFOPLIST_FILE = YES;
				INFOPLIST_KEY_NSHumanReadableCopyright = "";
				LD_RUNPATH_SEARCH_PATHS = (
					"$(inherited)",
					"@executable_path/../Frameworks",
				);
				MACOSX_DEPLOYMENT_TARGET = 12.3;
				MARKETING_VERSION = 1.0;
				PRODUCT_BUNDLE_IDENTIFIER = anniersh.GameMacOS;
				PRODUCT_NAME = "$(TARGET_NAME)";
				SDKROOT = macosx;
				SWIFT_EMIT_LOC_STRINGS = YES;
				SWIFT_VERSION = 5.0;
			};
			name = Debug;
		};
		E75DA07A285A8CBC005BFB61 /* Release */ = {
			isa = XCBuildConfiguration;
			buildSettings = {
				ASSETCATALOG_COMPILER_APPICON_NAME = AppIcon;
				ASSETCATALOG_COMPILER_GLOBAL_ACCENT_COLOR_NAME = AccentColor;
				CODE_SIGN_ENTITLEMENTS = GameMacOS/GameMacOS.entitlements;
				CODE_SIGN_STYLE = Automatic;
				COMBINE_HIDPI_IMAGES = YES;
				CURRENT_PROJECT_VERSION = 1;
				DEVELOPMENT_ASSET_PATHS = "\"GameMacOS/Preview Content\"";
				DEVELOPMENT_TEAM = W2M8AABV3R;
				ENABLE_HARDENED_RUNTIME = YES;
				ENABLE_PREVIEWS = YES;
				GENERATE_INFOPLIST_FILE = YES;
				INFOPLIST_KEY_NSHumanReadableCopyright = "";
				LD_RUNPATH_SEARCH_PATHS = (
					"$(inherited)",
					"@executable_path/../Frameworks",
				);
				MACOSX_DEPLOYMENT_TARGET = 12.3;
				MARKETING_VERSION = 1.0;
				PRODUCT_BUNDLE_IDENTIFIER = anniersh.GameMacOS;
				PRODUCT_NAME = "$(TARGET_NAME)";
				SDKROOT = macosx;
				SWIFT_EMIT_LOC_STRINGS = YES;
				SWIFT_VERSION = 5.0;
			};
			name = Release;
		};
		E75DA08F285A8F9E005BFB61 /* Debug */ = {
			isa = XCBuildConfiguration;
			buildSettings = {
				ASSETCATALOG_COMPILER_APPICON_NAME = AppIcon;
				ASSETCATALOG_COMPILER_GLOBAL_ACCENT_COLOR_NAME = AccentColor;
				CODE_SIGN_STYLE = Automatic;
				CURRENT_PROJECT_VERSION = 1;
				DEVELOPMENT_ASSET_PATHS = "\"GameiOS/Preview Content\"";
				DEVELOPMENT_TEAM = W2M8AABV3R;
				ENABLE_PREVIEWS = YES;
				GENERATE_INFOPLIST_FILE = YES;
				INFOPLIST_KEY_UIApplicationSceneManifest_Generation = YES;
				INFOPLIST_KEY_UIApplicationSupportsIndirectInputEvents = YES;
				INFOPLIST_KEY_UILaunchScreen_Generation = YES;
				INFOPLIST_KEY_UISupportedInterfaceOrientations = "";
				INFOPLIST_KEY_UISupportedInterfaceOrientations_iPad = "UIInterfaceOrientationPortrait UIInterfaceOrientationPortraitUpsideDown UIInterfaceOrientationLandscapeLeft UIInterfaceOrientationLandscapeRight";
				INFOPLIST_KEY_UISupportedInterfaceOrientations_iPhone = "UIInterfaceOrientationPortrait UIInterfaceOrientationLandscapeLeft UIInterfaceOrientationLandscapeRight";
				LD_RUNPATH_SEARCH_PATHS = (
					"$(inherited)",
					"@executable_path/Frameworks",
				);
				MARKETING_VERSION = 1.0;
				PRODUCT_BUNDLE_IDENTIFIER = anniersh.GameiOS;
				PRODUCT_NAME = "$(TARGET_NAME)";
				SWIFT_EMIT_LOC_STRINGS = YES;
				SWIFT_VERSION = 5.0;
				TARGETED_DEVICE_FAMILY = "1,2";
			};
			name = Debug;
		};
		E75DA090285A8F9E005BFB61 /* Release */ = {
			isa = XCBuildConfiguration;
			buildSettings = {
				ASSETCATALOG_COMPILER_APPICON_NAME = AppIcon;
				ASSETCATALOG_COMPILER_GLOBAL_ACCENT_COLOR_NAME = AccentColor;
				CODE_SIGN_STYLE = Automatic;
				CURRENT_PROJECT_VERSION = 1;
				DEVELOPMENT_ASSET_PATHS = "\"GameiOS/Preview Content\"";
				DEVELOPMENT_TEAM = W2M8AABV3R;
				ENABLE_PREVIEWS = YES;
				GENERATE_INFOPLIST_FILE = YES;
				INFOPLIST_KEY_UIApplicationSceneManifest_Generation = YES;
				INFOPLIST_KEY_UIApplicationSupportsIndirectInputEvents = YES;
				INFOPLIST_KEY_UILaunchScreen_Generation = YES;
				INFOPLIST_KEY_UISupportedInterfaceOrientations = "";
				INFOPLIST_KEY_UISupportedInterfaceOrientations_iPad = "UIInterfaceOrientationPortrait UIInterfaceOrientationPortraitUpsideDown UIInterfaceOrientationLandscapeLeft UIInterfaceOrientationLandscapeRight";
				INFOPLIST_KEY_UISupportedInterfaceOrientations_iPhone = "UIInterfaceOrientationPortrait UIInterfaceOrientationLandscapeLeft UIInterfaceOrientationLandscapeRight";
				LD_RUNPATH_SEARCH_PATHS = (
					"$(inherited)",
					"@executable_path/Frameworks",
				);
				MARKETING_VERSION = 1.0;
				PRODUCT_BUNDLE_IDENTIFIER = anniersh.GameiOS;
				PRODUCT_NAME = "$(TARGET_NAME)";
				SWIFT_EMIT_LOC_STRINGS = YES;
				SWIFT_VERSION = 5.0;
				TARGETED_DEVICE_FAMILY = "1,2";
			};
			name = Release;
		};
		E75DA0A3285A90C3005BFB61 /* Debug */ = {
			isa = XCBuildConfiguration;
			buildSettings = {
				ASSETCATALOG_COMPILER_APPICON_NAME = "App Icon & Top Shelf Image";
				ASSETCATALOG_COMPILER_GLOBAL_ACCENT_COLOR_NAME = AccentColor;
				CODE_SIGN_STYLE = Automatic;
				CURRENT_PROJECT_VERSION = 1;
				DEVELOPMENT_ASSET_PATHS = "\"GametvOS/Preview Content\"";
				DEVELOPMENT_TEAM = W2M8AABV3R;
				ENABLE_PREVIEWS = YES;
				GENERATE_INFOPLIST_FILE = YES;
				INFOPLIST_KEY_UILaunchScreen_Generation = YES;
				INFOPLIST_KEY_UIUserInterfaceStyle = Automatic;
				LD_RUNPATH_SEARCH_PATHS = (
					"$(inherited)",
					"@executable_path/Frameworks",
				);
				MARKETING_VERSION = 1.0;
				PRODUCT_BUNDLE_IDENTIFIER = anniersh.GametvOS;
				PRODUCT_NAME = "$(TARGET_NAME)";
				SDKROOT = appletvos;
				SWIFT_EMIT_LOC_STRINGS = YES;
				SWIFT_VERSION = 5.0;
				TARGETED_DEVICE_FAMILY = 3;
				TVOS_DEPLOYMENT_TARGET = 15.4;
			};
			name = Debug;
		};
		E75DA0A4285A90C3005BFB61 /* Release */ = {
			isa = XCBuildConfiguration;
			buildSettings = {
				ASSETCATALOG_COMPILER_APPICON_NAME = "App Icon & Top Shelf Image";
				ASSETCATALOG_COMPILER_GLOBAL_ACCENT_COLOR_NAME = AccentColor;
				CODE_SIGN_STYLE = Automatic;
				CURRENT_PROJECT_VERSION = 1;
				DEVELOPMENT_ASSET_PATHS = "\"GametvOS/Preview Content\"";
				DEVELOPMENT_TEAM = W2M8AABV3R;
				ENABLE_PREVIEWS = YES;
				GENERATE_INFOPLIST_FILE = YES;
				INFOPLIST_KEY_UILaunchScreen_Generation = YES;
				INFOPLIST_KEY_UIUserInterfaceStyle = Automatic;
				LD_RUNPATH_SEARCH_PATHS = (
					"$(inherited)",
					"@executable_path/Frameworks",
				);
				MARKETING_VERSION = 1.0;
				PRODUCT_BUNDLE_IDENTIFIER = anniersh.GametvOS;
				PRODUCT_NAME = "$(TARGET_NAME)";
				SDKROOT = appletvos;
				SWIFT_EMIT_LOC_STRINGS = YES;
				SWIFT_VERSION = 5.0;
				TARGETED_DEVICE_FAMILY = 3;
				TVOS_DEPLOYMENT_TARGET = 15.4;
			};
			name = Release;
		};
/* End XCBuildConfiguration section */

/* Begin XCConfigurationList section */
		E75DA050285A88F3005BFB61 /* Build configuration list for PBXProject "Game" */ = {
			isa = XCConfigurationList;
			buildConfigurations = (
				E75DA061285A88F6005BFB61 /* Debug */,
				E75DA062285A88F6005BFB61 /* Release */,
			);
			defaultConfigurationIsVisible = 0;
			defaultConfigurationName = Release;
		};
		E75DA078285A8CBC005BFB61 /* Build configuration list for PBXNativeTarget "GameMacOS" */ = {
			isa = XCConfigurationList;
			buildConfigurations = (
				E75DA079285A8CBC005BFB61 /* Debug */,
				E75DA07A285A8CBC005BFB61 /* Release */,
			);
			defaultConfigurationIsVisible = 0;
			defaultConfigurationName = Release;
		};
		E75DA08E285A8F9E005BFB61 /* Build configuration list for PBXNativeTarget "GameiOS" */ = {
			isa = XCConfigurationList;
			buildConfigurations = (
				E75DA08F285A8F9E005BFB61 /* Debug */,
				E75DA090285A8F9E005BFB61 /* Release */,
			);
			defaultConfigurationIsVisible = 0;
			defaultConfigurationName = Release;
		};
		E75DA0A2285A90C3005BFB61 /* Build configuration list for PBXNativeTarget "GametvOS" */ = {
			isa = XCConfigurationList;
			buildConfigurations = (
				E75DA0A3285A90C3005BFB61 /* Debug */,
				E75DA0A4285A90C3005BFB61 /* Release */,
			);
			defaultConfigurationIsVisible = 0;
			defaultConfigurationName = Release;
		};
/* End XCConfigurationList section */

/* Begin XCSwiftPackageProductDependency section */
		E7A2746F285A9D82001E4A8F /* Navigation */ = {
			isa = XCSwiftPackageProductDependency;
			productName = Navigation;
		};
		E7A27471285A9D8E001E4A8F /* Navigation */ = {
			isa = XCSwiftPackageProductDependency;
			productName = Navigation;
		};
		E7A27473285A9D95001E4A8F /* Navigation */ = {
			isa = XCSwiftPackageProductDependency;
			productName = Navigation;
		};
/* End XCSwiftPackageProductDependency section */
	};
	rootObject = E75DA04D285A88F3005BFB61 /* Project object */;
}
